
Microsoft Visual Studio Solution File, Format Version 12.00
# Visual Studio 15
VisualStudioVersion = 15.0.28307.421
MinimumVisualStudioVersion = 10.0.40219.1
Project("{2150E333-8FDC-42A3-9474-1A3956D46DE8}") = "0_thirdparty", "0_thirdparty", "{1398663B-8536-4C81-A75A-010AE2A0FBC8}"
EndProject
Project("{8BC9CEB8-8B4A-11D0-8D11-00A0C91BC942}") = "libxml2", "thirdparty\xml2-v2.9.14\libxml2.vcxproj", "{3BAAD622-1444-3C84-93F2-E1F2DFE525DC}"
EndProject
Project("{8BC9CEB8-8B4A-11D0-8D11-00A0C91BC942}") = "libfontconfig", "thirdparty\fontconfig-2.12.1\libfontconfig.vcxproj", "{A78DCBC4-077B-4884-A7F4-D9AF70EDB538}"
EndProject
Project("{8BC9CEB8-8B4A-11D0-8D11-00A0C91BC942}") = "libfreetype", "thirdparty\freetype-2.12.1\libfreetype.vcxproj", "{4BCA43B1-433B-3C12-98C5-9F6C05FD583D}"
EndProject
Project("{8BC9CEB8-8B4A-11D0-8D11-00A0C91BC942}") = "libexpat", "thirdparty\expat-R_2_4_8\libexpat.vcxproj", "{C77A529D-D263-45C7-BAD6-F5E07DE511B5}"
EndProject
Project("{8BC9CEB8-8B4A-11D0-8D11-00A0C91BC942}") = "libiconv", "thirdparty\iconv-1.17\libiconv.vcxproj", "{CB8BB76F-D3FF-434E-A85E-7FFC0893EC9B}"
EndProject
Project("{2150E333-8FDC-42A3-9474-1A3956D46DE8}") = "0_lib", "0_lib", "{29A1EDE0-4BD4-4ED9-81C4-6DED0D1417C8}"
EndProject
Project("{2150E333-8FDC-42A3-9474-1A3956D46DE8}") = "1_dll", "1_dll", "{B336E262-AD6F-4E46-8F56-7BEC270D8B32}"
EndProject
Project("{8BC9CEB8-8B4A-11D0-8D11-00A0C91BC942}") = "fontconfig", "thirdparty\fontconfig-2.12.1\fontconfig.vcxproj", "{AE18FFF7-BC83-4CD8-A55E-C2469A5BAD45}"
	ProjectSection(ProjectDependencies) = postProject
		{E7A12C0E-07B4-407C-88C6-55F151F78178} = {E7A12C0E-07B4-407C-88C6-55F151F78178}
		{F845544D-E354-32E3-8F9F-715855ACEFC8} = {F845544D-E354-32E3-8F9F-715855ACEFC8}
		{93E03254-BE37-4A1B-82DF-0F6058EB3BB2} = {93E03254-BE37-4A1B-82DF-0F6058EB3BB2}
		{785BA08C-7231-42CD-88AF-22BB72BE972B} = {785BA08C-7231-42CD-88AF-22BB72BE972B}
	EndProjectSection
EndProject
Project("{8BC9CEB8-8B4A-11D0-8D11-00A0C91BC942}") = "xml2", "thirdparty\xml2-v2.9.14\xml2.vcxproj", "{E7A12C0E-07B4-407C-88C6-55F151F78178}"
EndProject
Project("{2150E333-8FDC-42A3-9474-1A3956D46DE8}") = "1_demo", "1_demo", "{19B06142-0D3E-4272-A530-652ACA8FE5DE}"
EndProject
Project("{2150E333-8FDC-42A3-9474-1A3956D46DE8}") = "fc", "fc", "{CF6D959F-571F-49CA-B211-BF2DA64C1D5F}"
EndProject
Project("{8BC9CEB8-8B4A-11D0-8D11-00A0C91BC942}") = "fc-case", "demo\fc\fc-case\fc-case.vcxproj", "{3CFD8D3C-5D69-47BF-9E96-BCD6AC473C8C}"
EndProject
Project("{8BC9CEB8-8B4A-11D0-8D11-00A0C91BC942}") = "fc-glyphname", "demo\fc\fc-glyphname\fc-glyphname.vcxproj", "{E85E31C9-B7F7-4269-B3E5-3592265EE582}"
EndProject
Project("{8BC9CEB8-8B4A-11D0-8D11-00A0C91BC942}") = "fc-lang", "demo\fc\fc-lang\fc-lang.vcxproj", "{BB3D0460-DBFA-4A5F-8E4F-BBFDC68FD747}"
EndProject
Project("{8BC9CEB8-8B4A-11D0-8D11-00A0C91BC942}") = "fc-cache", "demo\fc\fc-cache\fc-cache.vcxproj", "{6426153A-6EEB-481F-9CAA-7378124FF29E}"
EndProject
Project("{8BC9CEB8-8B4A-11D0-8D11-00A0C91BC942}") = "fc-cat", "demo\fc\fc-cat\fc-cat.vcxproj", "{8892785C-E048-46A2-B60B-271FE6C153DB}"
EndProject
Project("{8BC9CEB8-8B4A-11D0-8D11-00A0C91BC942}") = "fc-list", "demo\fc\fc-list\fc-list.vcxproj", "{88A2934A-2C11-4049-A596-4C5EBF8A4626}"
EndProject
Project("{8BC9CEB8-8B4A-11D0-8D11-00A0C91BC942}") = "fc-match", "demo\fc\fc-match\fc-match.vcxproj", "{CAA7CFA4-68E5-4164-9DE5-2332C62E415F}"
EndProject
Project("{8BC9CEB8-8B4A-11D0-8D11-00A0C91BC942}") = "fc-pattern", "demo\fc\fc-pattern\fc-pattern.vcxproj", "{6FFB5116-0281-44EE-A516-9533825F5777}"
EndProject
Project("{8BC9CEB8-8B4A-11D0-8D11-00A0C91BC942}") = "fc-query", "demo\fc\fc-query\fc-query.vcxproj", "{30408FC9-8CD5-437C-9C61-232A9D33B16B}"
EndProject
Project("{8BC9CEB8-8B4A-11D0-8D11-00A0C91BC942}") = "fc-scan", "demo\fc\fc-scan\fc-scan.vcxproj", "{70D74852-CDF1-40B2-B609-76A95F08529D}"
EndProject
Project("{8BC9CEB8-8B4A-11D0-8D11-00A0C91BC942}") = "fc-validate", "demo\fc\fc-validate\fc-validate.vcxproj", "{86832895-EC0E-410F-BDCB-4DBC512A8BDD}"
EndProject
Project("{8BC9CEB8-8B4A-11D0-8D11-00A0C91BC942}") = "iconv", "thirdparty\iconv-1.17\iconv.vcxproj", "{785BA08C-7231-42CD-88AF-22BB72BE972B}"
EndProject
Project("{8BC9CEB8-8B4A-11D0-8D11-00A0C91BC942}") = "freetype", "thirdparty\freetype-2.12.1\freetype.vcxproj", "{93E03254-BE37-4A1B-82DF-0F6058EB3BB2}"
EndProject
Project("{8BC9CEB8-8B4A-11D0-8D11-00A0C91BC942}") = "expat", "thirdparty\expat-R_2_4_8\expat.vcxproj", "{F845544D-E354-32E3-8F9F-715855ACEFC8}"
EndProject
Global
	GlobalSection(SolutionConfigurationPlatforms) = preSolution
		Debug|x64 = Debug|x64
		Release|x64 = Release|x64
	EndGlobalSection
	GlobalSection(ProjectConfigurationPlatforms) = postSolution
		{3BAAD622-1444-3C84-93F2-E1F2DFE525DC}.Debug|x64.ActiveCfg = Debug|x64
		{3BAAD622-1444-3C84-93F2-E1F2DFE525DC}.Debug|x64.Build.0 = Debug|x64
		{3BAAD622-1444-3C84-93F2-E1F2DFE525DC}.Release|x64.ActiveCfg = Release|x64
		{3BAAD622-1444-3C84-93F2-E1F2DFE525DC}.Release|x64.Build.0 = Release|x64
		{A78DCBC4-077B-4884-A7F4-D9AF70EDB538}.Debug|x64.ActiveCfg = Debug|x64
		{A78DCBC4-077B-4884-A7F4-D9AF70EDB538}.Debug|x64.Build.0 = Debug|x64
		{A78DCBC4-077B-4884-A7F4-D9AF70EDB538}.Release|x64.ActiveCfg = Release|x64
		{A78DCBC4-077B-4884-A7F4-D9AF70EDB538}.Release|x64.Build.0 = Release|x64
		{4BCA43B1-433B-3C12-98C5-9F6C05FD583D}.Debug|x64.ActiveCfg = Debug|x64
		{4BCA43B1-433B-3C12-98C5-9F6C05FD583D}.Debug|x64.Build.0 = Debug|x64
		{4BCA43B1-433B-3C12-98C5-9F6C05FD583D}.Release|x64.ActiveCfg = Release|x64
		{4BCA43B1-433B-3C12-98C5-9F6C05FD583D}.Release|x64.Build.0 = Release|x64
		{C77A529D-D263-45C7-BAD6-F5E07DE511B5}.Debug|x64.ActiveCfg = Debug|x64
		{C77A529D-D263-45C7-BAD6-F5E07DE511B5}.Debug|x64.Build.0 = Debug|x64
		{C77A529D-D263-45C7-BAD6-F5E07DE511B5}.Release|x64.ActiveCfg = Release|x64
		{C77A529D-D263-45C7-BAD6-F5E07DE511B5}.Release|x64.Build.0 = Release|x64
		{CB8BB76F-D3FF-434E-A85E-7FFC0893EC9B}.Debug|x64.ActiveCfg = Debug|x64
		{CB8BB76F-D3FF-434E-A85E-7FFC0893EC9B}.Debug|x64.Build.0 = Debug|x64
		{CB8BB76F-D3FF-434E-A85E-7FFC0893EC9B}.Release|x64.ActiveCfg = Release|x64
		{CB8BB76F-D3FF-434E-A85E-7FFC0893EC9B}.Release|x64.Build.0 = Release|x64
		{AE18FFF7-BC83-4CD8-A55E-C2469A5BAD45}.Debug|x64.ActiveCfg = Debug|x64
		{AE18FFF7-BC83-4CD8-A55E-C2469A5BAD45}.Debug|x64.Build.0 = Debug|x64
		{AE18FFF7-BC83-4CD8-A55E-C2469A5BAD45}.Release|x64.ActiveCfg = Release|x64
		{AE18FFF7-BC83-4CD8-A55E-C2469A5BAD45}.Release|x64.Build.0 = Release|x64
		{E7A12C0E-07B4-407C-88C6-55F151F78178}.Debug|x64.ActiveCfg = Debug|x64
		{E7A12C0E-07B4-407C-88C6-55F151F78178}.Debug|x64.Build.0 = Debug|x64
		{E7A12C0E-07B4-407C-88C6-55F151F78178}.Release|x64.ActiveCfg = Release|x64
		{E7A12C0E-07B4-407C-88C6-55F151F78178}.Release|x64.Build.0 = Release|x64
		{3CFD8D3C-5D69-47BF-9E96-BCD6AC473C8C}.Debug|x64.ActiveCfg = Debug|x64
		{3CFD8D3C-5D69-47BF-9E96-BCD6AC473C8C}.Debug|x64.Build.0 = Debug|x64
		{3CFD8D3C-5D69-47BF-9E96-BCD6AC473C8C}.Release|x64.ActiveCfg = Release|x64
		{3CFD8D3C-5D69-47BF-9E96-BCD6AC473C8C}.Release|x64.Build.0 = Release|x64
		{E85E31C9-B7F7-4269-B3E5-3592265EE582}.Debug|x64.ActiveCfg = Debug|x64
		{E85E31C9-B7F7-4269-B3E5-3592265EE582}.Debug|x64.Build.0 = Debug|x64
		{E85E31C9-B7F7-4269-B3E5-3592265EE582}.Release|x64.ActiveCfg = Release|x64
		{E85E31C9-B7F7-4269-B3E5-3592265EE582}.Release|x64.Build.0 = Release|x64
		{BB3D0460-DBFA-4A5F-8E4F-BBFDC68FD747}.Debug|x64.ActiveCfg = Debug|x64
		{BB3D0460-DBFA-4A5F-8E4F-BBFDC68FD747}.Debug|x64.Build.0 = Debug|x64
		{BB3D0460-DBFA-4A5F-8E4F-BBFDC68FD747}.Release|x64.ActiveCfg = Release|x64
		{BB3D0460-DBFA-4A5F-8E4F-BBFDC68FD747}.Release|x64.Build.0 = Release|x64
		{6426153A-6EEB-481F-9CAA-7378124FF29E}.Debug|x64.ActiveCfg = Debug|x64
		{6426153A-6EEB-481F-9CAA-7378124FF29E}.Debug|x64.Build.0 = Debug|x64
		{6426153A-6EEB-481F-9CAA-7378124FF29E}.Release|x64.ActiveCfg = Release|x64
		{6426153A-6EEB-481F-9CAA-7378124FF29E}.Release|x64.Build.0 = Release|x64
		{8892785C-E048-46A2-B60B-271FE6C153DB}.Debug|x64.ActiveCfg = Debug|x64
		{8892785C-E048-46A2-B60B-271FE6C153DB}.Debug|x64.Build.0 = Debug|x64
		{8892785C-E048-46A2-B60B-271FE6C153DB}.Release|x64.ActiveCfg = Release|x64
		{8892785C-E048-46A2-B60B-271FE6C153DB}.Release|x64.Build.0 = Release|x64
		{88A2934A-2C11-4049-A596-4C5EBF8A4626}.Debug|x64.ActiveCfg = Debug|x64
		{88A2934A-2C11-4049-A596-4C5EBF8A4626}.Debug|x64.Build.0 = Debug|x64
		{88A2934A-2C11-4049-A596-4C5EBF8A4626}.Release|x64.ActiveCfg = Release|x64
		{88A2934A-2C11-4049-A596-4C5EBF8A4626}.Release|x64.Build.0 = Release|x64
		{CAA7CFA4-68E5-4164-9DE5-2332C62E415F}.Debug|x64.ActiveCfg = Debug|x64
		{CAA7CFA4-68E5-4164-9DE5-2332C62E415F}.Debug|x64.Build.0 = Debug|x64
		{CAA7CFA4-68E5-4164-9DE5-2332C62E415F}.Release|x64.ActiveCfg = Release|x64
		{CAA7CFA4-68E5-4164-9DE5-2332C62E415F}.Release|x64.Build.0 = Release|x64
		{6FFB5116-0281-44EE-A516-9533825F5777}.Debug|x64.ActiveCfg = Debug|x64
		{6FFB5116-0281-44EE-A516-9533825F5777}.Debug|x64.Build.0 = Debug|x64
		{6FFB5116-0281-44EE-A516-9533825F5777}.Release|x64.ActiveCfg = Release|x64
		{6FFB5116-0281-44EE-A516-9533825F5777}.Release|x64.Build.0 = Release|x64
		{30408FC9-8CD5-437C-9C61-232A9D33B16B}.Debug|x64.ActiveCfg = Debug|x64
		{30408FC9-8CD5-437C-9C61-232A9D33B16B}.Debug|x64.Build.0 = Debug|x64
		{30408FC9-8CD5-437C-9C61-232A9D33B16B}.Release|x64.ActiveCfg = Release|x64
		{30408FC9-8CD5-437C-9C61-232A9D33B16B}.Release|x64.Build.0 = Release|x64
		{70D74852-CDF1-40B2-B609-76A95F08529D}.Debug|x64.ActiveCfg = Debug|x64
		{70D74852-CDF1-40B2-B609-76A95F08529D}.Debug|x64.Build.0 = Debug|x64
		{70D74852-CDF1-40B2-B609-76A95F08529D}.Release|x64.ActiveCfg = Release|x64
		{70D74852-CDF1-40B2-B609-76A95F08529D}.Release|x64.Build.0 = Release|x64
		{86832895-EC0E-410F-BDCB-4DBC512A8BDD}.Debug|x64.ActiveCfg = Debug|x64
		{86832895-EC0E-410F-BDCB-4DBC512A8BDD}.Debug|x64.Build.0 = Debug|x64
		{86832895-EC0E-410F-BDCB-4DBC512A8BDD}.Release|x64.ActiveCfg = Release|x64
		{86832895-EC0E-410F-BDCB-4DBC512A8BDD}.Release|x64.Build.0 = Release|x64
		{785BA08C-7231-42CD-88AF-22BB72BE972B}.Debug|x64.ActiveCfg = Debug|x64
		{785BA08C-7231-42CD-88AF-22BB72BE972B}.Debug|x64.Build.0 = Debug|x64
		{785BA08C-7231-42CD-88AF-22BB72BE972B}.Release|x64.ActiveCfg = Release|x64
		{785BA08C-7231-42CD-88AF-22BB72BE972B}.Release|x64.Build.0 = Release|x64
		{93E03254-BE37-4A1B-82DF-0F6058EB3BB2}.Debug|x64.ActiveCfg = Debug|x64
		{93E03254-BE37-4A1B-82DF-0F6058EB3BB2}.Debug|x64.Build.0 = Debug|x64
		{93E03254-BE37-4A1B-82DF-0F6058EB3BB2}.Release|x64.ActiveCfg = Release|x64
		{93E03254-BE37-4A1B-82DF-0F6058EB3BB2}.Release|x64.Build.0 = Release|x64
		{F845544D-E354-32E3-8F9F-715855ACEFC8}.Debug|x64.ActiveCfg = Debug|x64
		{F845544D-E354-32E3-8F9F-715855ACEFC8}.Debug|x64.Build.0 = Debug|x64
		{F845544D-E354-32E3-8F9F-715855ACEFC8}.Release|x64.ActiveCfg = Release|x64
		{F845544D-E354-32E3-8F9F-715855ACEFC8}.Release|x64.Build.0 = Release|x64
	EndGlobalSection
	GlobalSection(SolutionProperties) = preSolution
		HideSolutionNode = FALSE
	EndGlobalSection
	GlobalSection(NestedProjects) = preSolution
		{3BAAD622-1444-3C84-93F2-E1F2DFE525DC} = {29A1EDE0-4BD4-4ED9-81C4-6DED0D1417C8}
		{A78DCBC4-077B-4884-A7F4-D9AF70EDB538} = {29A1EDE0-4BD4-4ED9-81C4-6DED0D1417C8}
		{4BCA43B1-433B-3C12-98C5-9F6C05FD583D} = {29A1EDE0-4BD4-4ED9-81C4-6DED0D1417C8}
		{C77A529D-D263-45C7-BAD6-F5E07DE511B5} = {29A1EDE0-4BD4-4ED9-81C4-6DED0D1417C8}
		{CB8BB76F-D3FF-434E-A85E-7FFC0893EC9B} = {29A1EDE0-4BD4-4ED9-81C4-6DED0D1417C8}
		{29A1EDE0-4BD4-4ED9-81C4-6DED0D1417C8} = {1398663B-8536-4C81-A75A-010AE2A0FBC8}
		{B336E262-AD6F-4E46-8F56-7BEC270D8B32} = {1398663B-8536-4C81-A75A-010AE2A0FBC8}
		{AE18FFF7-BC83-4CD8-A55E-C2469A5BAD45} = {B336E262-AD6F-4E46-8F56-7BEC270D8B32}
		{E7A12C0E-07B4-407C-88C6-55F151F78178} = {B336E262-AD6F-4E46-8F56-7BEC270D8B32}
		{CF6D959F-571F-49CA-B211-BF2DA64C1D5F} = {19B06142-0D3E-4272-A530-652ACA8FE5DE}
		{3CFD8D3C-5D69-47BF-9E96-BCD6AC473C8C} = {CF6D959F-571F-49CA-B211-BF2DA64C1D5F}
		{E85E31C9-B7F7-4269-B3E5-3592265EE582} = {CF6D959F-571F-49CA-B211-BF2DA64C1D5F}
		{BB3D0460-DBFA-4A5F-8E4F-BBFDC68FD747} = {CF6D959F-571F-49CA-B211-BF2DA64C1D5F}
		{6426153A-6EEB-481F-9CAA-7378124FF29E} = {CF6D959F-571F-49CA-B211-BF2DA64C1D5F}
		{8892785C-E048-46A2-B60B-271FE6C153DB} = {CF6D959F-571F-49CA-B211-BF2DA64C1D5F}
		{88A2934A-2C11-4049-A596-4C5EBF8A4626} = {CF6D959F-571F-49CA-B211-BF2DA64C1D5F}
		{CAA7CFA4-68E5-4164-9DE5-2332C62E415F} = {CF6D959F-571F-49CA-B211-BF2DA64C1D5F}
		{6FFB5116-0281-44EE-A516-9533825F5777} = {CF6D959F-571F-49CA-B211-BF2DA64C1D5F}
		{30408FC9-8CD5-437C-9C61-232A9D33B16B} = {CF6D959F-571F-49CA-B211-BF2DA64C1D5F}
		{70D74852-CDF1-40B2-B609-76A95F08529D} = {CF6D959F-571F-49CA-B211-BF2DA64C1D5F}
		{86832895-EC0E-410F-BDCB-4DBC512A8BDD} = {CF6D959F-571F-49CA-B211-BF2DA64C1D5F}
		{785BA08C-7231-42CD-88AF-22BB72BE972B} = {B336E262-AD6F-4E46-8F56-7BEC270D8B32}
		{93E03254-BE37-4A1B-82DF-0F6058EB3BB2} = {B336E262-AD6F-4E46-8F56-7BEC270D8B32}
		{F845544D-E354-32E3-8F9F-715855ACEFC8} = {B336E262-AD6F-4E46-8F56-7BEC270D8B32}
	EndGlobalSection
	GlobalSection(ExtensibilityGlobals) = postSolution
		SolutionGuid = {0A8CEE52-492A-4393-9DD8-1A14948800DE}
	EndGlobalSection
EndGlobal
